Microsoft Visual Studio Solution File, Format Version 12.00
# Visual Studio 14
Project("{8BC9CEB8-8B4A-11D0-8D11-00A0C91BC942}") = "ALL_BUILD", "ALL_BUILD.vcxproj", "{3D2127FB-CE7F-3DD1-B1CF-28ACD10DF693}"
	ProjectSection(ProjectDependencies) = postProject
		{C514CE56-E21C-34D1-A82B-5F6FD510C149} = {C514CE56-E21C-34D1-A82B-5F6FD510C149}
		{551EC7E4-5CFF-31AF-BE7D-CF5356859756} = {551EC7E4-5CFF-31AF-BE7D-CF5356859756}
		{9C99785B-DFAC-398A-BBF8-A4243AB00583} = {9C99785B-DFAC-398A-BBF8-A4243AB00583}
		{ED79FC32-574F-3EFB-8C87-E2772018AD40} = {ED79FC32-574F-3EFB-8C87-E2772018AD40}
		{495B02F1-E343-398C-99FA-0030AA74FB10} = {495B02F1-E343-398C-99FA-0030AA74FB10}
		{856C9994-52E1-3D4B-9934-81D47B5116D1} = {856C9994-52E1-3D4B-9934-81D47B5116D1}
		{3CD86F00-063C-3D2C-96C1-10BCC8179125} = {3CD86F00-063C-3D2C-96C1-10BCC8179125}
		{04BA7AEA-E401-3AE0-9326-B708C7B08F80} = {04BA7AEA-E401-3AE0-9326-B708C7B08F80}
		{8919753D-5033-3E3C-ACF6-A691BA6D27CA} = {8919753D-5033-3E3C-ACF6-A691BA6D27CA}
		{25B7E018-1F39-3DED-940E-E66ABDC41A8C} = {25B7E018-1F39-3DED-940E-E66ABDC41A8C}
		{63236AA9-8650-356E-8C9D-FB51C9A2F21F} = {63236AA9-8650-356E-8C9D-FB51C9A2F21F}
		{E6B101A8-5FAF-3502-9049-0D3EC2A23861} = {E6B101A8-5FAF-3502-9049-0D3EC2A23861}
		{B74A4065-0487-321B-8344-F1DB8C652C0D} = {B74A4065-0487-321B-8344-F1DB8C652C0D}
		{897B0A4C-A640-3E2D-BBD7-2D715B139ACC} = {897B0A4C-A640-3E2D-BBD7-2D715B139ACC}
		{0FDA5667-49DA-3939-B828-6D8B9077DAB4} = {0FDA5667-49DA-3939-B828-6D8B9077DAB4}
		{0A6CE059-DCEB-397E-AC8F-4A73D98297D6} = {0A6CE059-DCEB-397E-AC8F-4A73D98297D6}
		{74C26330-C71E-335B-8BAD-DFD5F46C6EDC} = {74C26330-C71E-335B-8BAD-DFD5F46C6EDC}
		{349D488B-B2CC-34CF-A0D5-C39D1F52840B} = {349D488B-B2CC-34CF-A0D5-C39D1F52840B}
		{F1912D8E-6E27-3B2A-858A-1EDE263DD7D4} = {F1912D8E-6E27-3B2A-858A-1EDE263DD7D4}
		{AB18DC0D-F3C9-3988-9BB7-A52A585540EB} = {AB18DC0D-F3C9-3988-9BB7-A52A585540EB}
		{EB5933D4-107A-3E68-B464-12EF0A13CB3A} = {EB5933D4-107A-3E68-B464-12EF0A13CB3A}
		{AF6F501A-CCD1-326D-B9A6-9ECA41A2A0B7} = {AF6F501A-CCD1-326D-B9A6-9ECA41A2A0B7}
		{DCB063A9-9A26-3ABE-952A-FDB9FE41F40A} = {DCB063A9-9A26-3ABE-952A-FDB9FE41F40A}
		{80480F49-ECC9-381F-AEB5-0C35EABE8F78} = {80480F49-ECC9-381F-AEB5-0C35EABE8F78}
		{686AA10D-33D3-327C-B2CF-BF8CBA9EED9C} = {686AA10D-33D3-327C-B2CF-BF8CBA9EED9C}
		{DF004646-F76B-3937-BE9C-AE9ECC76D2BA} = {DF004646-F76B-3937-BE9C-AE9ECC76D2BA}
		{09C5E4A7-7029-3E63-B829-05EA797D0C69} = {09C5E4A7-7029-3E63-B829-05EA797D0C69}
		{3B210E51-2D3C-39A2-818F-CE190FF016EF} = {3B210E51-2D3C-39A2-818F-CE190FF016EF}
		{B716D099-CEBA-3CA3-8DA7-09FB47996B4B} = {B716D099-CEBA-3CA3-8DA7-09FB47996B4B}
		{94B94387-D903-3192-90DD-139904C3DF0F} = {94B94387-D903-3192-90DD-139904C3DF0F}
	EndProjectSection
EndProject
Project("{8BC9CEB8-8B4A-11D0-8D11-00A0C91BC942}") = "INSTALL", "INSTALL.vcxproj", "{A49C4128-B0D7-3CB1-B94D-50563090386E}"
	ProjectSection(ProjectDependencies) = postProject
		{3D2127FB-CE7F-3DD1-B1CF-28ACD10DF693} = {3D2127FB-CE7F-3DD1-B1CF-28ACD10DF693}
		{C514CE56-E21C-34D1-A82B-5F6FD510C149} = {C514CE56-E21C-34D1-A82B-5F6FD510C149}
	EndProjectSection
EndProject
Project("{8BC9CEB8-8B4A-11D0-8D11-00A0C91BC942}") = "ZERO_CHECK", "ZERO_CHECK.vcxproj", "{C514CE56-E21C-34D1-A82B-5F6FD510C149}"
	ProjectSection(ProjectDependencies) = postProject
	EndProjectSection
EndProject
Project("{8BC9CEB8-8B4A-11D0-8D11-00A0C91BC942}") = "connect_test", "unittest\connect_test.vcxproj", "{551EC7E4-5CFF-31AF-BE7D-CF5356859756}"
	ProjectSection(ProjectDependencies) = postProject
		{C514CE56-E21C-34D1-A82B-5F6FD510C149} = {C514CE56-E21C-34D1-A82B-5F6FD510C149}
	EndProjectSection
EndProject
Project("{8BC9CEB8-8B4A-11D0-8D11-00A0C91BC942}") = "consul_cli", "examples\consul_cli.vcxproj", "{9C99785B-DFAC-398A-BBF8-A4243AB00583}"
	ProjectSection(ProjectDependencies) = postProject
		{C514CE56-E21C-34D1-A82B-5F6FD510C149} = {C514CE56-E21C-34D1-A82B-5F6FD510C149}
	EndProjectSection
EndProject
Project("{8BC9CEB8-8B4A-11D0-8D11-00A0C91BC942}") = "curl", "examples\curl.vcxproj", "{ED79FC32-574F-3EFB-8C87-E2772018AD40}"
	ProjectSection(ProjectDependencies) = postProject
		{C514CE56-E21C-34D1-A82B-5F6FD510C149} = {C514CE56-E21C-34D1-A82B-5F6FD510C149}
	EndProjectSection
EndProject
Project("{8BC9CEB8-8B4A-11D0-8D11-00A0C91BC942}") = "date", "unittest\date.vcxproj", "{495B02F1-E343-398C-99FA-0030AA74FB10}"
	ProjectSection(ProjectDependencies) = postProject
		{C514CE56-E21C-34D1-A82B-5F6FD510C149} = {C514CE56-E21C-34D1-A82B-5F6FD510C149}
	EndProjectSection
EndProject
Project("{8BC9CEB8-8B4A-11D0-8D11-00A0C91BC942}") = "defer_test", "unittest\defer_test.vcxproj", "{856C9994-52E1-3D4B-9934-81D47B5116D1}"
	ProjectSection(ProjectDependencies) = postProject
		{C514CE56-E21C-34D1-A82B-5F6FD510C149} = {C514CE56-E21C-34D1-A82B-5F6FD510C149}
	EndProjectSection
EndProject
Project("{8BC9CEB8-8B4A-11D0-8D11-00A0C91BC942}") = "examples", "examples\examples.vcxproj", "{17854119-4DA1-3A0D-BACC-3DFBD98D97E2}"
	ProjectSection(ProjectDependencies) = postProject
		{C514CE56-E21C-34D1-A82B-5F6FD510C149} = {C514CE56-E21C-34D1-A82B-5F6FD510C149}
		{9C99785B-DFAC-398A-BBF8-A4243AB00583} = {9C99785B-DFAC-398A-BBF8-A4243AB00583}
		{ED79FC32-574F-3EFB-8C87-E2772018AD40} = {ED79FC32-574F-3EFB-8C87-E2772018AD40}
		{8919753D-5033-3E3C-ACF6-A691BA6D27CA} = {8919753D-5033-3E3C-ACF6-A691BA6D27CA}
		{25B7E018-1F39-3DED-940E-E66ABDC41A8C} = {25B7E018-1F39-3DED-940E-E66ABDC41A8C}
		{B74A4065-0487-321B-8344-F1DB8C652C0D} = {B74A4065-0487-321B-8344-F1DB8C652C0D}
		{897B0A4C-A640-3E2D-BBD7-2D715B139ACC} = {897B0A4C-A640-3E2D-BBD7-2D715B139ACC}
		{AB18DC0D-F3C9-3988-9BB7-A52A585540EB} = {AB18DC0D-F3C9-3988-9BB7-A52A585540EB}
		{EB5933D4-107A-3E68-B464-12EF0A13CB3A} = {EB5933D4-107A-3E68-B464-12EF0A13CB3A}
		{3B210E51-2D3C-39A2-818F-CE190FF016EF} = {3B210E51-2D3C-39A2-818F-CE190FF016EF}
		{94B94387-D903-3192-90DD-139904C3DF0F} = {94B94387-D903-3192-90DD-139904C3DF0F}
	EndProjectSection
EndProject
Project("{8BC9CEB8-8B4A-11D0-8D11-00A0C91BC942}") = "ftp", "unittest\ftp.vcxproj", "{3CD86F00-063C-3D2C-96C1-10BCC8179125}"
	ProjectSection(ProjectDependencies) = postProject
		{C514CE56-E21C-34D1-A82B-5F6FD510C149} = {C514CE56-E21C-34D1-A82B-5F6FD510C149}
	EndProjectSection
EndProject
Project("{8BC9CEB8-8B4A-11D0-8D11-00A0C91BC942}") = "hatomic_test", "unittest\hatomic_test.vcxproj", "{04BA7AEA-E401-3AE0-9326-B708C7B08F80}"
	ProjectSection(ProjectDependencies) = postProject
		{C514CE56-E21C-34D1-A82B-5F6FD510C149} = {C514CE56-E21C-34D1-A82B-5F6FD510C149}
	EndProjectSection
EndProject
Project("{8BC9CEB8-8B4A-11D0-8D11-00A0C91BC942}") = "hloop_test", "examples\hloop_test.vcxproj", "{8919753D-5033-3E3C-ACF6-A691BA6D27CA}"
	ProjectSection(ProjectDependencies) = postProject
		{C514CE56-E21C-34D1-A82B-5F6FD510C149} = {C514CE56-E21C-34D1-A82B-5F6FD510C149}
	EndProjectSection
EndProject
Project("{8BC9CEB8-8B4A-11D0-8D11-00A0C91BC942}") = "hmain_test", "examples\hmain_test.vcxproj", "{25B7E018-1F39-3DED-940E-E66ABDC41A8C}"
	ProjectSection(ProjectDependencies) = postProject
		{C514CE56-E21C-34D1-A82B-5F6FD510C149} = {C514CE56-E21C-34D1-A82B-5F6FD510C149}
	EndProjectSection
EndProject
Project("{8BC9CEB8-8B4A-11D0-8D11-00A0C91BC942}") = "hmutex_test", "unittest\hmutex_test.vcxproj", "{63236AA9-8650-356E-8C9D-FB51C9A2F21F}"
	ProjectSection(ProjectDependencies) = postProject
		{C514CE56-E21C-34D1-A82B-5F6FD510C149} = {C514CE56-E21C-34D1-A82B-5F6FD510C149}
	EndProjectSection
EndProject
Project("{8BC9CEB8-8B4A-11D0-8D11-00A0C91BC942}") = "hstring_test", "unittest\hstring_test.vcxproj", "{E6B101A8-5FAF-3502-9049-0D3EC2A23861}"
	ProjectSection(ProjectDependencies) = postProject
		{C514CE56-E21C-34D1-A82B-5F6FD510C149} = {C514CE56-E21C-34D1-A82B-5F6FD510C149}
	EndProjectSection
EndProject
Project("{8BC9CEB8-8B4A-11D0-8D11-00A0C91BC942}") = "htimer_test", "examples\htimer_test.vcxproj", "{B74A4065-0487-321B-8344-F1DB8C652C0D}"
	ProjectSection(ProjectDependencies) = postProject
		{C514CE56-E21C-34D1-A82B-5F6FD510C149} = {C514CE56-E21C-34D1-A82B-5F6FD510C149}
	EndProjectSection
EndProject
Project("{8BC9CEB8-8B4A-11D0-8D11-00A0C91BC942}") = "httpd", "examples\httpd.vcxproj", "{897B0A4C-A640-3E2D-BBD7-2D715B139ACC}"
	ProjectSection(ProjectDependencies) = postProject
		{C514CE56-E21C-34D1-A82B-5F6FD510C149} = {C514CE56-E21C-34D1-A82B-5F6FD510C149}
	EndProjectSection
EndProject
Project("{8BC9CEB8-8B4A-11D0-8D11-00A0C91BC942}") = "hv", "hv.vcxproj", "{0FDA5667-49DA-3939-B828-6D8B9077DAB4}"
	ProjectSection(ProjectDependencies) = postProject
		{C514CE56-E21C-34D1-A82B-5F6FD510C149} = {C514CE56-E21C-34D1-A82B-5F6FD510C149}
	EndProjectSection
EndProject
Project("{8BC9CEB8-8B4A-11D0-8D11-00A0C91BC942}") = "hv_static", "hv_static.vcxproj", "{0A6CE059-DCEB-397E-AC8F-4A73D98297D6}"
	ProjectSection(ProjectDependencies) = postProject
		{C514CE56-E21C-34D1-A82B-5F6FD510C149} = {C514CE56-E21C-34D1-A82B-5F6FD510C149}
	EndProjectSection
EndProject
Project("{8BC9CEB8-8B4A-11D0-8D11-00A0C91BC942}") = "ifconfig", "unittest\ifconfig.vcxproj", "{74C26330-C71E-335B-8BAD-DFD5F46C6EDC}"
	ProjectSection(ProjectDependencies) = postProject
		{C514CE56-E21C-34D1-A82B-5F6FD510C149} = {C514CE56-E21C-34D1-A82B-5F6FD510C149}
	EndProjectSection
EndProject
Project("{8BC9CEB8-8B4A-11D0-8D11-00A0C91BC942}") = "libhv", "libhv.vcxproj", "{E952F54E-BFC6-36C3-801B-916BAC725465}"
	ProjectSection(ProjectDependencies) = postProject
		{C514CE56-E21C-34D1-A82B-5F6FD510C149} = {C514CE56-E21C-34D1-A82B-5F6FD510C149}
		{0FDA5667-49DA-3939-B828-6D8B9077DAB4} = {0FDA5667-49DA-3939-B828-6D8B9077DAB4}
	EndProjectSection
EndProject
Project("{8BC9CEB8-8B4A-11D0-8D11-00A0C91BC942}") = "libhv_static", "libhv_static.vcxproj", "{CCE6E2ED-1F6C-36F5-9E23-6F24C7C798D4}"
	ProjectSection(ProjectDependencies) = postProject
		{C514CE56-E21C-34D1-A82B-5F6FD510C149} = {C514CE56-E21C-34D1-A82B-5F6FD510C149}
		{0A6CE059-DCEB-397E-AC8F-4A73D98297D6} = {0A6CE059-DCEB-397E-AC8F-4A73D98297D6}
	EndProjectSection
EndProject
Project("{8BC9CEB8-8B4A-11D0-8D11-00A0C91BC942}") = "ls", "unittest\ls.vcxproj", "{349D488B-B2CC-34CF-A0D5-C39D1F52840B}"
	ProjectSection(ProjectDependencies) = postProject
		{C514CE56-E21C-34D1-A82B-5F6FD510C149} = {C514CE56-E21C-34D1-A82B-5F6FD510C149}
	EndProjectSection
EndProject
Project("{8BC9CEB8-8B4A-11D0-8D11-00A0C91BC942}") = "mkdir_p", "unittest\mkdir_p.vcxproj", "{F1912D8E-6E27-3B2A-858A-1EDE263DD7D4}"
	ProjectSection(ProjectDependencies) = postProject
		{C514CE56-E21C-34D1-A82B-5F6FD510C149} = {C514CE56-E21C-34D1-A82B-5F6FD510C149}
	EndProjectSection
EndProject
Project("{8BC9CEB8-8B4A-11D0-8D11-00A0C91BC942}") = "nc", "examples\nc.vcxproj", "{AB18DC0D-F3C9-3988-9BB7-A52A585540EB}"
	ProjectSection(ProjectDependencies) = postProject
		{C514CE56-E21C-34D1-A82B-5F6FD510C149} = {C514CE56-E21C-34D1-A82B-5F6FD510C149}
	EndProjectSection
EndProject
Project("{8BC9CEB8-8B4A-11D0-8D11-00A0C91BC942}") = "nmap", "examples\nmap.vcxproj", "{EB5933D4-107A-3E68-B464-12EF0A13CB3A}"
	ProjectSection(ProjectDependencies) = postProject
		{C514CE56-E21C-34D1-A82B-5F6FD510C149} = {C514CE56-E21C-34D1-A82B-5F6FD510C149}
	EndProjectSection
EndProject
Project("{8BC9CEB8-8B4A-11D0-8D11-00A0C91BC942}") = "nslookup", "unittest\nslookup.vcxproj", "{AF6F501A-CCD1-326D-B9A6-9ECA41A2A0B7}"
	ProjectSection(ProjectDependencies) = postProject
		{C514CE56-E21C-34D1-A82B-5F6FD510C149} = {C514CE56-E21C-34D1-A82B-5F6FD510C149}
	EndProjectSection
EndProject
Project("{8BC9CEB8-8B4A-11D0-8D11-00A0C91BC942}") = "objectpool_test", "unittest\objectpool_test.vcxproj", "{DCB063A9-9A26-3ABE-952A-FDB9FE41F40A}"
	ProjectSection(ProjectDependencies) = postProject
		{C514CE56-E21C-34D1-A82B-5F6FD510C149} = {C514CE56-E21C-34D1-A82B-5F6FD510C149}
	EndProjectSection
EndProject
Project("{8BC9CEB8-8B4A-11D0-8D11-00A0C91BC942}") = "ping", "unittest\ping.vcxproj", "{80480F49-ECC9-381F-AEB5-0C35EABE8F78}"
	ProjectSection(ProjectDependencies) = postProject
		{C514CE56-E21C-34D1-A82B-5F6FD510C149} = {C514CE56-E21C-34D1-A82B-5F6FD510C149}
	EndProjectSection
EndProject
Project("{8BC9CEB8-8B4A-11D0-8D11-00A0C91BC942}") = "rmdir_p", "unittest\rmdir_p.vcxproj", "{686AA10D-33D3-327C-B2CF-BF8CBA9EED9C}"
	ProjectSection(ProjectDependencies) = postProject
		{C514CE56-E21C-34D1-A82B-5F6FD510C149} = {C514CE56-E21C-34D1-A82B-5F6FD510C149}
	EndProjectSection
EndProject
Project("{8BC9CEB8-8B4A-11D0-8D11-00A0C91BC942}") = "sendmail", "unittest\sendmail.vcxproj", "{DF004646-F76B-3937-BE9C-AE9ECC76D2BA}"
	ProjectSection(ProjectDependencies) = postProject
		{C514CE56-E21C-34D1-A82B-5F6FD510C149} = {C514CE56-E21C-34D1-A82B-5F6FD510C149}
	EndProjectSection
EndProject
Project("{8BC9CEB8-8B4A-11D0-8D11-00A0C91BC942}") = "socketpair_test", "unittest\socketpair_test.vcxproj", "{09C5E4A7-7029-3E63-B829-05EA797D0C69}"
	ProjectSection(ProjectDependencies) = postProject
		{C514CE56-E21C-34D1-A82B-5F6FD510C149} = {C514CE56-E21C-34D1-A82B-5F6FD510C149}
	EndProjectSection
EndProject
Project("{8BC9CEB8-8B4A-11D0-8D11-00A0C91BC942}") = "tcp", "examples\tcp.vcxproj", "{3B210E51-2D3C-39A2-818F-CE190FF016EF}"
	ProjectSection(ProjectDependencies) = postProject
		{C514CE56-E21C-34D1-A82B-5F6FD510C149} = {C514CE56-E21C-34D1-A82B-5F6FD510C149}
	EndProjectSection
EndProject
Project("{8BC9CEB8-8B4A-11D0-8D11-00A0C91BC942}") = "threadpool_test", "unittest\threadpool_test.vcxproj", "{B716D099-CEBA-3CA3-8DA7-09FB47996B4B}"
	ProjectSection(ProjectDependencies) = postProject
		{C514CE56-E21C-34D1-A82B-5F6FD510C149} = {C514CE56-E21C-34D1-A82B-5F6FD510C149}
	EndProjectSection
EndProject
Project("{8BC9CEB8-8B4A-11D0-8D11-00A0C91BC942}") = "udp", "examples\udp.vcxproj", "{94B94387-D903-3192-90DD-139904C3DF0F}"
	ProjectSection(ProjectDependencies) = postProject
		{C514CE56-E21C-34D1-A82B-5F6FD510C149} = {C514CE56-E21C-34D1-A82B-5F6FD510C149}
	EndProjectSection
EndProject
Project("{8BC9CEB8-8B4A-11D0-8D11-00A0C91BC942}") = "unittest", "unittest\unittest.vcxproj", "{EB77C627-B60D-3CB0-8FE9-DBF6BFEDBE4E}"
	ProjectSection(ProjectDependencies) = postProject
		{C514CE56-E21C-34D1-A82B-5F6FD510C149} = {C514CE56-E21C-34D1-A82B-5F6FD510C149}
		{551EC7E4-5CFF-31AF-BE7D-CF5356859756} = {551EC7E4-5CFF-31AF-BE7D-CF5356859756}
		{495B02F1-E343-398C-99FA-0030AA74FB10} = {495B02F1-E343-398C-99FA-0030AA74FB10}
		{856C9994-52E1-3D4B-9934-81D47B5116D1} = {856C9994-52E1-3D4B-9934-81D47B5116D1}
		{3CD86F00-063C-3D2C-96C1-10BCC8179125} = {3CD86F00-063C-3D2C-96C1-10BCC8179125}
		{04BA7AEA-E401-3AE0-9326-B708C7B08F80} = {04BA7AEA-E401-3AE0-9326-B708C7B08F80}
		{63236AA9-8650-356E-8C9D-FB51C9A2F21F} = {63236AA9-8650-356E-8C9D-FB51C9A2F21F}
		{E6B101A8-5FAF-3502-9049-0D3EC2A23861} = {E6B101A8-5FAF-3502-9049-0D3EC2A23861}
		{74C26330-C71E-335B-8BAD-DFD5F46C6EDC} = {74C26330-C71E-335B-8BAD-DFD5F46C6EDC}
		{349D488B-B2CC-34CF-A0D5-C39D1F52840B} = {349D488B-B2CC-34CF-A0D5-C39D1F52840B}
		{F1912D8E-6E27-3B2A-858A-1EDE263DD7D4} = {F1912D8E-6E27-3B2A-858A-1EDE263DD7D4}
		{AF6F501A-CCD1-326D-B9A6-9ECA41A2A0B7} = {AF6F501A-CCD1-326D-B9A6-9ECA41A2A0B7}
		{DCB063A9-9A26-3ABE-952A-FDB9FE41F40A} = {DCB063A9-9A26-3ABE-952A-FDB9FE41F40A}
		{80480F49-ECC9-381F-AEB5-0C35EABE8F78} = {80480F49-ECC9-381F-AEB5-0C35EABE8F78}
		{686AA10D-33D3-327C-B2CF-BF8CBA9EED9C} = {686AA10D-33D3-327C-B2CF-BF8CBA9EED9C}
		{DF004646-F76B-3937-BE9C-AE9ECC76D2BA} = {DF004646-F76B-3937-BE9C-AE9ECC76D2BA}
		{09C5E4A7-7029-3E63-B829-05EA797D0C69} = {09C5E4A7-7029-3E63-B829-05EA797D0C69}
		{B716D099-CEBA-3CA3-8DA7-09FB47996B4B} = {B716D099-CEBA-3CA3-8DA7-09FB47996B4B}
	EndProjectSection
EndProject
Global
	GlobalSection(SolutionConfigurationPlatforms) = preSolution
		Debug|Win32 = Debug|Win32
		Release|Win32 = Release|Win32
	EndGlobalSection
	GlobalSection(ProjectConfigurationPlatforms) = postSolution
		{3D2127FB-CE7F-3DD1-B1CF-28ACD10DF693}.Debug|Win32.ActiveCfg = Debug|Win32
		{3D2127FB-CE7F-3DD1-B1CF-28ACD10DF693}.Debug|Win32.Build.0 = Debug|Win32
		{3D2127FB-CE7F-3DD1-B1CF-28ACD10DF693}.Release|Win32.ActiveCfg = Release|Win32
		{3D2127FB-CE7F-3DD1-B1CF-28ACD10DF693}.Release|Win32.Build.0 = Release|Win32
		{A49C4128-B0D7-3CB1-B94D-50563090386E}.Debug|Win32.ActiveCfg = Debug|Win32
		{A49C4128-B0D7-3CB1-B94D-50563090386E}.Release|Win32.ActiveCfg = Release|Win32
		{C514CE56-E21C-34D1-A82B-5F6FD510C149}.Debug|Win32.ActiveCfg = Debug|Win32
		{C514CE56-E21C-34D1-A82B-5F6FD510C149}.Debug|Win32.Build.0 = Debug|Win32
		{C514CE56-E21C-34D1-A82B-5F6FD510C149}.Release|Win32.ActiveCfg = Release|Win32
		{C514CE56-E21C-34D1-A82B-5F6FD510C149}.Release|Win32.Build.0 = Release|Win32
		{551EC7E4-5CFF-31AF-BE7D-CF5356859756}.Debug|Win32.ActiveCfg = Debug|Win32
		{551EC7E4-5CFF-31AF-BE7D-CF5356859756}.Debug|Win32.Build.0 = Debug|Win32
		{551EC7E4-5CFF-31AF-BE7D-CF5356859756}.Release|Win32.ActiveCfg = Release|Win32
		{551EC7E4-5CFF-31AF-BE7D-CF5356859756}.Release|Win32.Build.0 = Release|Win32
		{9C99785B-DFAC-398A-BBF8-A4243AB00583}.Debug|Win32.ActiveCfg = Debug|Win32
		{9C99785B-DFAC-398A-BBF8-A4243AB00583}.Debug|Win32.Build.0 = Debug|Win32
		{9C99785B-DFAC-398A-BBF8-A4243AB00583}.Release|Win32.ActiveCfg = Release|Win32
		{9C99785B-DFAC-398A-BBF8-A4243AB00583}.Release|Win32.Build.0 = Release|Win32
		{ED79FC32-574F-3EFB-8C87-E2772018AD40}.Debug|Win32.ActiveCfg = Debug|Win32
		{ED79FC32-574F-3EFB-8C87-E2772018AD40}.Debug|Win32.Build.0 = Debug|Win32
		{ED79FC32-574F-3EFB-8C87-E2772018AD40}.Release|Win32.ActiveCfg = Release|Win32
		{ED79FC32-574F-3EFB-8C87-E2772018AD40}.Release|Win32.Build.0 = Release|Win32
		{495B02F1-E343-398C-99FA-0030AA74FB10}.Debug|Win32.ActiveCfg = Debug|Win32
		{495B02F1-E343-398C-99FA-0030AA74FB10}.Debug|Win32.Build.0 = Debug|Win32
		{495B02F1-E343-398C-99FA-0030AA74FB10}.Release|Win32.ActiveCfg = Release|Win32
		{495B02F1-E343-398C-99FA-0030AA74FB10}.Release|Win32.Build.0 = Release|Win32
		{856C9994-52E1-3D4B-9934-81D47B5116D1}.Debug|Win32.ActiveCfg = Debug|Win32
		{856C9994-52E1-3D4B-9934-81D47B5116D1}.Debug|Win32.Build.0 = Debug|Win32
		{856C9994-52E1-3D4B-9934-81D47B5116D1}.Release|Win32.ActiveCfg = Release|Win32
		{856C9994-52E1-3D4B-9934-81D47B5116D1}.Release|Win32.Build.0 = Release|Win32
		{17854119-4DA1-3A0D-BACC-3DFBD98D97E2}.Debug|Win32.ActiveCfg = Debug|Win32
		{17854119-4DA1-3A0D-BACC-3DFBD98D97E2}.Release|Win32.ActiveCfg = Release|Win32
		{3CD86F00-063C-3D2C-96C1-10BCC8179125}.Debug|Win32.ActiveCfg = Debug|Win32
		{3CD86F00-063C-3D2C-96C1-10BCC8179125}.Debug|Win32.Build.0 = Debug|Win32
		{3CD86F00-063C-3D2C-96C1-10BCC8179125}.Release|Win32.ActiveCfg = Release|Win32
		{3CD86F00-063C-3D2C-96C1-10BCC8179125}.Release|Win32.Build.0 = Release|Win32
		{04BA7AEA-E401-3AE0-9326-B708C7B08F80}.Debug|Win32.ActiveCfg = Debug|Win32
		{04BA7AEA-E401-3AE0-9326-B708C7B08F80}.Debug|Win32.Build.0 = Debug|Win32
		{04BA7AEA-E401-3AE0-9326-B708C7B08F80}.Release|Win32.ActiveCfg = Release|Win32
		{04BA7AEA-E401-3AE0-9326-B708C7B08F80}.Release|Win32.Build.0 = Release|Win32
		{8919753D-5033-3E3C-ACF6-A691BA6D27CA}.Debug|Win32.ActiveCfg = Debug|Win32
		{8919753D-5033-3E3C-ACF6-A691BA6D27CA}.Debug|Win32.Build.0 = Debug|Win32
		{8919753D-5033-3E3C-ACF6-A691BA6D27CA}.Release|Win32.ActiveCfg = Release|Win32
		{8919753D-5033-3E3C-ACF6-A691BA6D27CA}.Release|Win32.Build.0 = Release|Win32
		{25B7E018-1F39-3DED-940E-E66ABDC41A8C}.Debug|Win32.ActiveCfg = Debug|Win32
		{25B7E018-1F39-3DED-940E-E66ABDC41A8C}.Debug|Win32.Build.0 = Debug|Win32
		{25B7E018-1F39-3DED-940E-E66ABDC41A8C}.Release|Win32.ActiveCfg = Release|Win32
		{25B7E018-1F39-3DED-940E-E66ABDC41A8C}.Release|Win32.Build.0 = Release|Win32
		{63236AA9-8650-356E-8C9D-FB51C9A2F21F}.Debug|Win32.ActiveCfg = Debug|Win32
		{63236AA9-8650-356E-8C9D-FB51C9A2F21F}.Debug|Win32.Build.0 = Debug|Win32
		{63236AA9-8650-356E-8C9D-FB51C9A2F21F}.Release|Win32.ActiveCfg = Release|Win32
		{63236AA9-8650-356E-8C9D-FB51C9A2F21F}.Release|Win32.Build.0 = Release|Win32
		{E6B101A8-5FAF-3502-9049-0D3EC2A23861}.Debug|Win32.ActiveCfg = Debug|Win32
		{E6B101A8-5FAF-3502-9049-0D3EC2A23861}.Debug|Win32.Build.0 = Debug|Win32
		{E6B101A8-5FAF-3502-9049-0D3EC2A23861}.Release|Win32.ActiveCfg = Release|Win32
		{E6B101A8-5FAF-3502-9049-0D3EC2A23861}.Release|Win32.Build.0 = Release|Win32
		{B74A4065-0487-321B-8344-F1DB8C652C0D}.Debug|Win32.ActiveCfg = Debug|Win32
		{B74A4065-0487-321B-8344-F1DB8C652C0D}.Debug|Win32.Build.0 = Debug|Win32
		{B74A4065-0487-321B-8344-F1DB8C652C0D}.Release|Win32.ActiveCfg = Release|Win32
		{B74A4065-0487-321B-8344-F1DB8C652C0D}.Release|Win32.Build.0 = Release|Win32
		{897B0A4C-A640-3E2D-BBD7-2D715B139ACC}.Debug|Win32.ActiveCfg = Debug|Win32
		{897B0A4C-A640-3E2D-BBD7-2D715B139ACC}.Debug|Win32.Build.0 = Debug|Win32
		{897B0A4C-A640-3E2D-BBD7-2D715B139ACC}.Release|Win32.ActiveCfg = Release|Win32
		{897B0A4C-A640-3E2D-BBD7-2D715B139ACC}.Release|Win32.Build.0 = Release|Win32
		{0FDA5667-49DA-3939-B828-6D8B9077DAB4}.Debug|Win32.ActiveCfg = Debug|Win32
		{0FDA5667-49DA-3939-B828-6D8B9077DAB4}.Debug|Win32.Build.0 = Debug|Win32
		{0FDA5667-49DA-3939-B828-6D8B9077DAB4}.Release|Win32.ActiveCfg = Release|Win32
		{0FDA5667-49DA-3939-B828-6D8B9077DAB4}.Release|Win32.Build.0 = Release|Win32
		{0A6CE059-DCEB-397E-AC8F-4A73D98297D6}.Debug|Win32.ActiveCfg = Debug|Win32
		{0A6CE059-DCEB-397E-AC8F-4A73D98297D6}.Debug|Win32.Build.0 = Debug|Win32
		{0A6CE059-DCEB-397E-AC8F-4A73D98297D6}.Release|Win32.ActiveCfg = Release|Win32
		{0A6CE059-DCEB-397E-AC8F-4A73D98297D6}.Release|Win32.Build.0 = Release|Win32
		{74C26330-C71E-335B-8BAD-DFD5F46C6EDC}.Debug|Win32.ActiveCfg = Debug|Win32
		{74C26330-C71E-335B-8BAD-DFD5F46C6EDC}.Debug|Win32.Build.0 = Debug|Win32
		{74C26330-C71E-335B-8BAD-DFD5F46C6EDC}.Release|Win32.ActiveCfg = Release|Win32
		{74C26330-C71E-335B-8BAD-DFD5F46C6EDC}.Release|Win32.Build.0 = Release|Win32
		{E952F54E-BFC6-36C3-801B-916BAC725465}.Debug|Win32.ActiveCfg = Debug|Win32
		{E952F54E-BFC6-36C3-801B-916BAC725465}.Release|Win32.ActiveCfg = Release|Win32
		{CCE6E2ED-1F6C-36F5-9E23-6F24C7C798D4}.Debug|Win32.ActiveCfg = Debug|Win32
		{CCE6E2ED-1F6C-36F5-9E23-6F24C7C798D4}.Release|Win32.ActiveCfg = Release|Win32
		{349D488B-B2CC-34CF-A0D5-C39D1F52840B}.Debug|Win32.ActiveCfg = Debug|Win32
		{349D488B-B2CC-34CF-A0D5-C39D1F52840B}.Debug|Win32.Build.0 = Debug|Win32
		{349D488B-B2CC-34CF-A0D5-C39D1F52840B}.Release|Win32.ActiveCfg = Release|Win32
		{349D488B-B2CC-34CF-A0D5-C39D1F52840B}.Release|Win32.Build.0 = Release|Win32
		{F1912D8E-6E27-3B2A-858A-1EDE263DD7D4}.Debug|Win32.ActiveCfg = Debug|Win32
		{F1912D8E-6E27-3B2A-858A-1EDE263DD7D4}.Debug|Win32.Build.0 = Debug|Win32
		{F1912D8E-6E27-3B2A-858A-1EDE263DD7D4}.Release|Win32.ActiveCfg = Release|Win32
		{F1912D8E-6E27-3B2A-858A-1EDE263DD7D4}.Release|Win32.Build.0 = Release|Win32
		{AB18DC0D-F3C9-3988-9BB7-A52A585540EB}.Debug|Win32.ActiveCfg = Debug|Win32
		{AB18DC0D-F3C9-3988-9BB7-A52A585540EB}.Debug|Win32.Build.0 = Debug|Win32
		{AB18DC0D-F3C9-3988-9BB7-A52A585540EB}.Release|Win32.ActiveCfg = Release|Win32
		{AB18DC0D-F3C9-3988-9BB7-A52A585540EB}.Release|Win32.Build.0 = Release|Win32
		{EB5933D4-107A-3E68-B464-12EF0A13CB3A}.Debug|Win32.ActiveCfg = Debug|Win32
		{EB5933D4-107A-3E68-B464-12EF0A13CB3A}.Debug|Win32.Build.0 = Debug|Win32
		{EB5933D4-107A-3E68-B464-12EF0A13CB3A}.Release|Win32.ActiveCfg = Release|Win32
		{EB5933D4-107A-3E68-B464-12EF0A13CB3A}.Release|Win32.Build.0 = Release|Win32
		{AF6F501A-CCD1-326D-B9A6-9ECA41A2A0B7}.Debug|Win32.ActiveCfg = Debug|Win32
		{AF6F501A-CCD1-326D-B9A6-9ECA41A2A0B7}.Debug|Win32.Build.0 = Debug|Win32
		{AF6F501A-CCD1-326D-B9A6-9ECA41A2A0B7}.Release|Win32.ActiveCfg = Release|Win32
		{AF6F501A-CCD1-326D-B9A6-9ECA41A2A0B7}.Release|Win32.Build.0 = Release|Win32
		{DCB063A9-9A26-3ABE-952A-FDB9FE41F40A}.Debug|Win32.ActiveCfg = Debug|Win32
		{DCB063A9-9A26-3ABE-952A-FDB9FE41F40A}.Debug|Win32.Build.0 = Debug|Win32
		{DCB063A9-9A26-3ABE-952A-FDB9FE41F40A}.Release|Win32.ActiveCfg = Release|Win32
		{DCB063A9-9A26-3ABE-952A-FDB9FE41F40A}.Release|Win32.Build.0 = Release|Win32
		{80480F49-ECC9-381F-AEB5-0C35EABE8F78}.Debug|Win32.ActiveCfg = Debug|Win32
		{80480F49-ECC9-381F-AEB5-0C35EABE8F78}.Debug|Win32.Build.0 = Debug|Win32
		{80480F49-ECC9-381F-AEB5-0C35EABE8F78}.Release|Win32.ActiveCfg = Release|Win32
		{80480F49-ECC9-381F-AEB5-0C35EABE8F78}.Release|Win32.Build.0 = Release|Win32
		{686AA10D-33D3-327C-B2CF-BF8CBA9EED9C}.Debug|Win32.ActiveCfg = Debug|Win32
		{686AA10D-33D3-327C-B2CF-BF8CBA9EED9C}.Debug|Win32.Build.0 = Debug|Win32
		{686AA10D-33D3-327C-B2CF-BF8CBA9EED9C}.Release|Win32.ActiveCfg = Release|Win32
		{686AA10D-33D3-327C-B2CF-BF8CBA9EED9C}.Release|Win32.Build.0 = Release|Win32
		{DF004646-F76B-3937-BE9C-AE9ECC76D2BA}.Debug|Win32.ActiveCfg = Debug|Win32
		{DF004646-F76B-3937-BE9C-AE9ECC76D2BA}.Debug|Win32.Build.0 = Debug|Win32
		{DF004646-F76B-3937-BE9C-AE9ECC76D2BA}.Release|Win32.ActiveCfg = Release|Win32
		{DF004646-F76B-3937-BE9C-AE9ECC76D2BA}.Release|Win32.Build.0 = Release|Win32
		{09C5E4A7-7029-3E63-B829-05EA797D0C69}.Debug|Win32.ActiveCfg = Debug|Win32
		{09C5E4A7-7029-3E63-B829-05EA797D0C69}.Debug|Win32.Build.0 = Debug|Win32
		{09C5E4A7-7029-3E63-B829-05EA797D0C69}.Release|Win32.ActiveCfg = Release|Win32
		{09C5E4A7-7029-3E63-B829-05EA797D0C69}.Release|Win32.Build.0 = Release|Win32
		{3B210E51-2D3C-39A2-818F-CE190FF016EF}.Debug|Win32.ActiveCfg = Debug|Win32
		{3B210E51-2D3C-39A2-818F-CE190FF016EF}.Debug|Win32.Build.0 = Debug|Win32
		{3B210E51-2D3C-39A2-818F-CE190FF016EF}.Release|Win32.ActiveCfg = Release|Win32
		{3B210E51-2D3C-39A2-818F-CE190FF016EF}.Release|Win32.Build.0 = Release|Win32
		{B716D099-CEBA-3CA3-8DA7-09FB47996B4B}.Debug|Win32.ActiveCfg = Debug|Win32
		{B716D099-CEBA-3CA3-8DA7-09FB47996B4B}.Debug|Win32.Build.0 = Debug|Win32
		{B716D099-CEBA-3CA3-8DA7-09FB47996B4B}.Release|Win32.ActiveCfg = Release|Win32
		{B716D099-CEBA-3CA3-8DA7-09FB47996B4B}.Release|Win32.Build.0 = Release|Win32
		{94B94387-D903-3192-90DD-139904C3DF0F}.Debug|Win32.ActiveCfg = Debug|Win32
		{94B94387-D903-3192-90DD-139904C3DF0F}.Debug|Win32.Build.0 = Debug|Win32
		{94B94387-D903-3192-90DD-139904C3DF0F}.Release|Win32.ActiveCfg = Release|Win32
		{94B94387-D903-3192-90DD-139904C3DF0F}.Release|Win32.Build.0 = Release|Win32
		{EB77C627-B60D-3CB0-8FE9-DBF6BFEDBE4E}.Debug|Win32.ActiveCfg = Debug|Win32
		{EB77C627-B60D-3CB0-8FE9-DBF6BFEDBE4E}.Release|Win32.ActiveCfg = Release|Win32
	EndGlobalSection
	GlobalSection(ExtensibilityGlobals) = postSolution
		SolutionGuid = {A1FC5563-8514-3BC1-90AC-0055F6FBBFEA}
	EndGlobalSection
	GlobalSection(ExtensibilityAddIns) = postSolution
	EndGlobalSection
EndGlobal
